
Microsoft Visual Studio Solution File, Format Version 12.00
# Visual Studio Version 17
VisualStudioVersion = 17.1.32210.238
MinimumVisualStudioVersion = 10.0.40219.1
Project("{FAE04EC0-301F-11D3-BF4B-00C04F79EFBC}") = "Bloatynosy", "Bloatynosy\Bloatynosy.csproj", "{44CAFCEB-0F6D-487F-9F5F-63F230DBB069}"
EndProject
Global
	GlobalSection(SolutionConfigurationPlatforms) = preSolution
		Debug|Any CPU = Debug|Any CPU
		Debug|ARM = Debug|ARM
		Debug|ARM64 = Debug|ARM64
		Debug|x64 = Debug|x64
		Debug|x86 = Debug|x86
		Release|Any CPU = Release|Any CPU
		Release|ARM = Release|ARM
		Release|ARM64 = Release|ARM64
		Release|x64 = Release|x64
		Release|x86 = Release|x86
	EndGlobalSection
	GlobalSection(ProjectConfigurationPlatforms) = postSolution
		{44CAFCEB-0F6D-487F-9F5F-63F230DBB069}.Debug|Any CPU.ActiveCfg = Debug|Any CPU
		{44CAFCEB-0F6D-487F-9F5F-63F230DBB069}.Debug|Any CPU.Build.0 = Debug|Any CPU
		{44CAFCEB-0F6D-487F-9F5F-63F230DBB069}.Debug|ARM.ActiveCfg = Debug|Any CPU
		{44CAFCEB-0F6D-487F-9F5F-63F230DBB069}.Debug|ARM.Build.0 = Debug|Any CPU
		{44CAFCEB-0F6D-487F-9F5F-63F230DBB069}.Debug|ARM64.ActiveCfg = Debug|Any CPU
		{44CAFCEB-0F6D-487F-9F5F-63F230DBB069}.Debug|ARM64.Build.0 = Debug|Any CPU
		{44CAFCEB-0F6D-487F-9F5F-63F230DBB069}.Debug|x64.ActiveCfg = Debug|Any CPU
		{44CAFCEB-0F6D-487F-9F5F-63F230DBB069}.Debug|x64.Build.0 = Debug|Any CPU
		{44CAFCEB-0F6D-487F-9F5F-63F230DBB069}.Debug|x86.ActiveCfg = Debug|Any CPU
		{44CAFCEB-0F6D-487F-9F5F-63F230DBB069}.Debug|x86.Build.0 = Debug|Any CPU
		{44CAFCEB-0F6D-487F-9F5F-63F230DBB069}.Release|Any CPU.ActiveCfg = Release|Any CPU
		{44CAFCEB-0F6D-487F-9F5F-63F230DBB069}.Release|Any CPU.Build.0 = Release|Any CPU
		{44CAFCEB-0F6D-487F-9F5F-63F230DBB069}.Release|ARM.ActiveCfg = Release|Any CPU
		{44CAFCEB-0F6D-487F-9F5F-63F230DBB069}.Release|ARM.Build.0 = Release|Any CPU
		{44CAFCEB-0F6D-487F-9F5F-63F230DBB069}.Release|ARM64.ActiveCfg = Release|Any CPU
		{44CAFCEB-0F6D-487F-9F5F-63F230DBB069}.Release|ARM64.Build.0 = Release|Any CPU
		{44CAFCEB-0F6D-487F-9F5F-63F230DBB069}.Release|x64.ActiveCfg = Release|Any CPU
		{44CAFCEB-0F6D-487F-9F5F-63F230DBB069}.Release|x64.Build.0 = Release|Any CPU
		{44CAFCEB-0F6D-487F-9F5F-63F230DBB069}.Release|x86.ActiveCfg = Release|Any CPU
		{44CAFCEB-0F6D-487F-9F5F-63F230DBB069}.Release|x86.Build.0 = Release|Any CPU
	EndGlobalSection
	GlobalSection(SolutionProperties) = preSolution
		HideSolutionNode = FALSE
	EndGlobalSection
	GlobalSection(ExtensibilityGlobals) = postSolution
		SolutionGuid = {8E4625AD-7C1B-4CFB-8374-5F44D4508DBA}
	EndGlobalSection
EndGlobal
